// !$*UTF8*$!
{
	archiveVersion = 1;
	classes = {
	};
	objectVersion = 56;
	objects = {

/* Begin PBXBuildFile section */
		601174B02A99814D00509C4F /* FavoriteButton.swift in Sources */ = {isa = PBXBuildFile; fileRef = 601174AF2A99814D00509C4F /* FavoriteButton.swift */; };
		601174B42A99861500509C4F /* HexagonParameters.swift in Sources */ = {isa = PBXBuildFile; fileRef = 601174B32A99861500509C4F /* HexagonParameters.swift */; };
		601174B62A998ABA00509C4F /* BadgeBackground.swift in Sources */ = {isa = PBXBuildFile; fileRef = 601174B52A998ABA00509C4F /* BadgeBackground.swift */; };
		601174BA2A99920F00509C4F /* BadgeSymbol.swift in Sources */ = {isa = PBXBuildFile; fileRef = 601174B92A99920F00509C4F /* BadgeSymbol.swift */; };
		601174BC2A9992D000509C4F /* RotatedBadgeSymbol.swift in Sources */ = {isa = PBXBuildFile; fileRef = 601174BB2A9992D000509C4F /* RotatedBadgeSymbol.swift */; };
		601174BE2A99938900509C4F /* Badge.swift in Sources */ = {isa = PBXBuildFile; fileRef = 601174BD2A99938900509C4F /* Badge.swift */; };
		601174C12A99AA3600509C4F /* hikeData.json in Resources */ = {isa = PBXBuildFile; fileRef = 601174C02A99AA3600509C4F /* hikeData.json */; };
		601174C32A99AAB600509C4F /* Hike.swift in Sources */ = {isa = PBXBuildFile; fileRef = 601174C22A99AAB600509C4F /* Hike.swift */; };
		601174C92A99ABD800509C4F /* GraphCapsule.swift in Sources */ = {isa = PBXBuildFile; fileRef = 601174C52A99ABD800509C4F /* GraphCapsule.swift */; };
		601174CA2A99ABD800509C4F /* HikeGraph.swift in Sources */ = {isa = PBXBuildFile; fileRef = 601174C62A99ABD800509C4F /* HikeGraph.swift */; };
		601174CB2A99ABD800509C4F /* HikeDetail.swift in Sources */ = {isa = PBXBuildFile; fileRef = 601174C72A99ABD800509C4F /* HikeDetail.swift */; };
		601174CC2A99ABD800509C4F /* HikeView.swift in Sources */ = {isa = PBXBuildFile; fileRef = 601174C82A99ABD800509C4F /* HikeView.swift */; };
		601174D02A99B31C00509C4F /* CategoryHome.swift in Sources */ = {isa = PBXBuildFile; fileRef = 601174CF2A99B31C00509C4F /* CategoryHome.swift */; };
		601174D22A99B5FE00509C4F /* CategoryRow.swift in Sources */ = {isa = PBXBuildFile; fileRef = 601174D12A99B5FE00509C4F /* CategoryRow.swift */; };
		60B906032A9BF3E3001C09F8 /* CategoryItem.swift in Sources */ = {isa = PBXBuildFile; fileRef = 60B906022A9BF3E3001C09F8 /* CategoryItem.swift */; };
		60B906062A9D43F7001C09F8 /* Profile.swift in Sources */ = {isa = PBXBuildFile; fileRef = 60B906052A9D43F7001C09F8 /* Profile.swift */; };
		60B906082A9D461B001C09F8 /* ProfileHost.swift in Sources */ = {isa = PBXBuildFile; fileRef = 60B906072A9D461B001C09F8 /* ProfileHost.swift */; };
		60B9060B2A9D46CA001C09F8 /* ProfileSummary.swift in Sources */ = {isa = PBXBuildFile; fileRef = 60B9060A2A9D46CA001C09F8 /* ProfileSummary.swift */; };
		60B9060D2A9D480F001C09F8 /* HikeBadge.swift in Sources */ = {isa = PBXBuildFile; fileRef = 60B9060C2A9D480F001C09F8 /* HikeBadge.swift */; };
		60B9060F2A9D4DBC001C09F8 /* ProfileEditor.swift in Sources */ = {isa = PBXBuildFile; fileRef = 60B9060E2A9D4DBC001C09F8 /* ProfileEditor.swift */; };
		60B906122A9D5F4E001C09F8 /* PageViewController.swift in Sources */ = {isa = PBXBuildFile; fileRef = 60B906112A9D5F4E001C09F8 /* PageViewController.swift */; };
		60B906142A9D614F001C09F8 /* FeatureCard.swift in Sources */ = {isa = PBXBuildFile; fileRef = 60B906132A9D614F001C09F8 /* FeatureCard.swift */; };
		60B906162A9D62F9001C09F8 /* PageView.swift in Sources */ = {isa = PBXBuildFile; fileRef = 60B906152A9D62F9001C09F8 /* PageView.swift */; };
		60B906182A9D68A2001C09F8 /* PageControl.swift in Sources */ = {isa = PBXBuildFile; fileRef = 60B906172A9D68A2001C09F8 /* PageControl.swift */; };
		60B906222A9D9D1A001C09F8 /* ContentView.swift in Sources */ = {isa = PBXBuildFile; fileRef = 60B906212A9D9D1A001C09F8 /* ContentView.swift */; };
		60B906242A9D9D1B001C09F8 /* Assets.xcassets in Resources */ = {isa = PBXBuildFile; fileRef = 60B906232A9D9D1B001C09F8 /* Assets.xcassets */; };
		60B906272A9D9D1B001C09F8 /* Preview Assets.xcassets in Resources */ = {isa = PBXBuildFile; fileRef = 60B906262A9D9D1B001C09F8 /* Preview Assets.xcassets */; };
		60B9062A2A9D9D1B001C09F8 /* WatchLandmarks Watch App.app in Embed Watch Content */ = {isa = PBXBuildFile; fileRef = 60B9061D2A9D9D1A001C09F8 /* WatchLandmarks Watch App.app */; settings = {ATTRIBUTES = (RemoveHeadersOnCopy, ); }; };
		60B9062F2A9D9FA0001C09F8 /* LandmarksApp.swift in Sources */ = {isa = PBXBuildFile; fileRef = 60EDD4C92A987C9B00C3AC89 /* LandmarksApp.swift */; };
		60B906312A9D9FBE001C09F8 /* LandmarkRow.swift in Sources */ = {isa = PBXBuildFile; fileRef = 60EDD4E42A988AB000C3AC89 /* LandmarkRow.swift */; };
		60B906342A9D9FC4001C09F8 /* CircleImage.swift in Sources */ = {isa = PBXBuildFile; fileRef = 60EDD4D72A98813700C3AC89 /* CircleImage.swift */; };
		60B906352A9D9FC4001C09F8 /* MapView.swift in Sources */ = {isa = PBXBuildFile; fileRef = 60EDD4D92A9881F400C3AC89 /* MapView.swift */; };
		60B906362A9D9FE2001C09F8 /* Landmark.swift in Sources */ = {isa = PBXBuildFile; fileRef = 60EDD4DD2A98845700C3AC89 /* Landmark.swift */; };
		60B906372A9D9FE2001C09F8 /* Profile.swift in Sources */ = {isa = PBXBuildFile; fileRef = 60B906052A9D43F7001C09F8 /* Profile.swift */; };
		60B906382A9D9FE2001C09F8 /* ModelData.swift in Sources */ = {isa = PBXBuildFile; fileRef = 60EDD4DF2A98880000C3AC89 /* ModelData.swift */; };
		60B906392A9D9FE2001C09F8 /* Hike.swift in Sources */ = {isa = PBXBuildFile; fileRef = 601174C22A99AAB600509C4F /* Hike.swift */; };
		60B9063A2A9DA00F001C09F8 /* hikeData.json in Resources */ = {isa = PBXBuildFile; fileRef = 601174C02A99AA3600509C4F /* hikeData.json */; };
		60B9063B2A9DA00F001C09F8 /* landmarkData.json in Resources */ = {isa = PBXBuildFile; fileRef = 60EDD4DB2A98843600C3AC89 /* landmarkData.json */; };
		60B9063D2A9DA39B001C09F8 /* LandmarkDetail.swift in Sources */ = {isa = PBXBuildFile; fileRef = 60B9063C2A9DA39B001C09F8 /* LandmarkDetail.swift */; };
		60B9063E2A9DA7A5001C09F8 /* Assets.xcassets in Resources */ = {isa = PBXBuildFile; fileRef = 60EDD4CD2A987C9C00C3AC89 /* Assets.xcassets */; };
		60B906402A9DAB0A001C09F8 /* NotificationView.swift in Sources */ = {isa = PBXBuildFile; fileRef = 60B9063F2A9DAB0A001C09F8 /* NotificationView.swift */; };
		60B906422A9DABF2001C09F8 /* NotificationController.swift in Sources */ = {isa = PBXBuildFile; fileRef = 60B906412A9DABF2001C09F8 /* NotificationController.swift */; };
		60B9064A2A9DBA56001C09F8 /* PushNotificationPayload.apns in Resources */ = {isa = PBXBuildFile; fileRef = 60B906492A9DBA56001C09F8 /* PushNotificationPayload.apns */; };
		60B9064B2A9DBA56001C09F8 /* PushNotificationPayload.apns in Resources */ = {isa = PBXBuildFile; fileRef = 60B906492A9DBA56001C09F8 /* PushNotificationPayload.apns */; };
		60B906552A9DD87E001C09F8 /* ContentView.swift in Sources */ = {isa = PBXBuildFile; fileRef = 60B906542A9DD87E001C09F8 /* ContentView.swift */; };
		60B906572A9DD87F001C09F8 /* Assets.xcassets in Resources */ = {isa = PBXBuildFile; fileRef = 60B906562A9DD87F001C09F8 /* Assets.xcassets */; };
		60B9065A2A9DD87F001C09F8 /* Preview Assets.xcassets in Resources */ = {isa = PBXBuildFile; fileRef = 60B906592A9DD87F001C09F8 /* Preview Assets.xcassets */; };
		60B9065F2A9DD90A001C09F8 /* FavoriteButton.swift in Sources */ = {isa = PBXBuildFile; fileRef = 601174AF2A99814D00509C4F /* FavoriteButton.swift */; };
		60B906602A9DD90A001C09F8 /* CircleImage.swift in Sources */ = {isa = PBXBuildFile; fileRef = 60EDD4D72A98813700C3AC89 /* CircleImage.swift */; };
		60B906612A9DD90A001C09F8 /* MapView.swift in Sources */ = {isa = PBXBuildFile; fileRef = 60EDD4D92A9881F400C3AC89 /* MapView.swift */; };
		60B906622A9DD90F001C09F8 /* LandmarkRow.swift in Sources */ = {isa = PBXBuildFile; fileRef = 60EDD4E42A988AB000C3AC89 /* LandmarkRow.swift */; };
		60B906632A9DD90F001C09F8 /* LandmarkList.swift in Sources */ = {isa = PBXBuildFile; fileRef = 60EDD4E62A988CC200C3AC89 /* LandmarkList.swift */; };
		60B906642A9DD913001C09F8 /* LandmarksApp.swift in Sources */ = {isa = PBXBuildFile; fileRef = 60EDD4C92A987C9B00C3AC89 /* LandmarksApp.swift */; };
		60B906652A9DD91D001C09F8 /* hikeData.json in Resources */ = {isa = PBXBuildFile; fileRef = 601174C02A99AA3600509C4F /* hikeData.json */; };
		60B906662A9DD91D001C09F8 /* Assets.xcassets in Resources */ = {isa = PBXBuildFile; fileRef = 60EDD4CD2A987C9C00C3AC89 /* Assets.xcassets */; };
		60B906672A9DD91D001C09F8 /* landmarkData.json in Resources */ = {isa = PBXBuildFile; fileRef = 60EDD4DB2A98843600C3AC89 /* landmarkData.json */; };
		60B906682A9DD9BF001C09F8 /* Hike.swift in Sources */ = {isa = PBXBuildFile; fileRef = 601174C22A99AAB600509C4F /* Hike.swift */; };
		60B906692A9DD9BF001C09F8 /* ModelData.swift in Sources */ = {isa = PBXBuildFile; fileRef = 60EDD4DF2A98880000C3AC89 /* ModelData.swift */; };
		60B9066A2A9DD9BF001C09F8 /* Profile.swift in Sources */ = {isa = PBXBuildFile; fileRef = 60B906052A9D43F7001C09F8 /* Profile.swift */; };
		60B9066B2A9DD9BF001C09F8 /* Landmark.swift in Sources */ = {isa = PBXBuildFile; fileRef = 60EDD4DD2A98845700C3AC89 /* Landmark.swift */; };
		60B9066D2A9DD9F6001C09F8 /* LandmarkDetail.swift in Sources */ = {isa = PBXBuildFile; fileRef = 60B9066C2A9DD9F6001C09F8 /* LandmarkDetail.swift */; };
		60B9066F2A9DE103001C09F8 /* LandmarkList.swift in Sources */ = {isa = PBXBuildFile; fileRef = 60B9066E2A9DE103001C09F8 /* LandmarkList.swift */; };
		60B906742A9DE671001C09F8 /* LandmarkCommands.swift in Sources */ = {isa = PBXBuildFile; fileRef = 60B906732A9DE671001C09F8 /* LandmarkCommands.swift */; };
		60B906752A9DE671001C09F8 /* LandmarkCommands.swift in Sources */ = {isa = PBXBuildFile; fileRef = 60B906732A9DE671001C09F8 /* LandmarkCommands.swift */; };
		60B906772A9DEAAE001C09F8 /* LandmarkSettings.swift in Sources */ = {isa = PBXBuildFile; fileRef = 60B906762A9DEAAE001C09F8 /* LandmarkSettings.swift */; };
		60EDD4CA2A987C9B00C3AC89 /* LandmarksApp.swift in Sources */ = {isa = PBXBuildFile; fileRef = 60EDD4C92A987C9B00C3AC89 /* LandmarksApp.swift */; };
		60EDD4CC2A987C9B00C3AC89 /* ContentView.swift in Sources */ = {isa = PBXBuildFile; fileRef = 60EDD4CB2A987C9B00C3AC89 /* ContentView.swift */; };
		60EDD4CE2A987C9C00C3AC89 /* Assets.xcassets in Resources */ = {isa = PBXBuildFile; fileRef = 60EDD4CD2A987C9C00C3AC89 /* Assets.xcassets */; };
		60EDD4D12A987C9C00C3AC89 /* Preview Assets.xcassets in Resources */ = {isa = PBXBuildFile; fileRef = 60EDD4D02A987C9C00C3AC89 /* Preview Assets.xcassets */; };
		60EDD4D82A98813700C3AC89 /* CircleImage.swift in Sources */ = {isa = PBXBuildFile; fileRef = 60EDD4D72A98813700C3AC89 /* CircleImage.swift */; };
		60EDD4DA2A9881F400C3AC89 /* MapView.swift in Sources */ = {isa = PBXBuildFile; fileRef = 60EDD4D92A9881F400C3AC89 /* MapView.swift */; };
		60EDD4DC2A98843600C3AC89 /* landmarkData.json in Resources */ = {isa = PBXBuildFile; fileRef = 60EDD4DB2A98843600C3AC89 /* landmarkData.json */; };
		60EDD4DE2A98845700C3AC89 /* Landmark.swift in Sources */ = {isa = PBXBuildFile; fileRef = 60EDD4DD2A98845700C3AC89 /* Landmark.swift */; };
		60EDD4E02A98880000C3AC89 /* ModelData.swift in Sources */ = {isa = PBXBuildFile; fileRef = 60EDD4DF2A98880000C3AC89 /* ModelData.swift */; };
		60EDD4E52A988AB000C3AC89 /* LandmarkRow.swift in Sources */ = {isa = PBXBuildFile; fileRef = 60EDD4E42A988AB000C3AC89 /* LandmarkRow.swift */; };
		60EDD4E72A988CC200C3AC89 /* LandmarkList.swift in Sources */ = {isa = PBXBuildFile; fileRef = 60EDD4E62A988CC200C3AC89 /* LandmarkList.swift */; };
		60EDD4E92A988ED100C3AC89 /* LandmarkDetail.swift in Sources */ = {isa = PBXBuildFile; fileRef = 60EDD4E82A988ED100C3AC89 /* LandmarkDetail.swift */; };
/* End PBXBuildFile section */

/* Begin PBXContainerItemProxy section */
		60B906282A9D9D1B001C09F8 /* PBXContainerItemProxy */ = {
			isa = PBXContainerItemProxy;
			containerPortal = 60EDD4BE2A987C9B00C3AC89 /* Project object */;
			proxyType = 1;
			remoteGlobalIDString = 60B9061C2A9D9D1A001C09F8;
			remoteInfo = "WatchLandmarks Watch App";
		};
/* End PBXContainerItemProxy section */

/* Begin PBXCopyFilesBuildPhase section */
		60B9062E2A9D9D1B001C09F8 /* Embed Watch Content */ = {
			isa = PBXCopyFilesBuildPhase;
			buildActionMask = 2147483647;
			dstPath = "$(CONTENTS_FOLDER_PATH)/Watch";
			dstSubfolderSpec = 16;
			files = (
				60B9062A2A9D9D1B001C09F8 /* WatchLandmarks Watch App.app in Embed Watch Content */,
			);
			name = "Embed Watch Content";
			runOnlyForDeploymentPostprocessing = 0;
		};
/* End PBXCopyFilesBuildPhase section */

/* Begin PBXFileReference section */
		601174AF2A99814D00509C4F /* FavoriteButton.swift */ = {isa = PBXFileReference; lastKnownFileType = sourcecode.swift; path = FavoriteButton.swift; sourceTree = "<group>"; };
		601174B32A99861500509C4F /* HexagonParameters.swift */ = {isa = PBXFileReference; lastKnownFileType = sourcecode.swift; path = HexagonParameters.swift; sourceTree = "<group>"; };
		601174B52A998ABA00509C4F /* BadgeBackground.swift */ = {isa = PBXFileReference; lastKnownFileType = sourcecode.swift; path = BadgeBackground.swift; sourceTree = "<group>"; };
		601174B92A99920F00509C4F /* BadgeSymbol.swift */ = {isa = PBXFileReference; lastKnownFileType = sourcecode.swift; path = BadgeSymbol.swift; sourceTree = "<group>"; };
		601174BB2A9992D000509C4F /* RotatedBadgeSymbol.swift */ = {isa = PBXFileReference; lastKnownFileType = sourcecode.swift; path = RotatedBadgeSymbol.swift; sourceTree = "<group>"; };
		601174BD2A99938900509C4F /* Badge.swift */ = {isa = PBXFileReference; lastKnownFileType = sourcecode.swift; path = Badge.swift; sourceTree = "<group>"; };
		601174C02A99AA3600509C4F /* hikeData.json */ = {isa = PBXFileReference; fileEncoding = 4; lastKnownFileType = text.json; path = hikeData.json; sourceTree = "<group>"; };
		601174C22A99AAB600509C4F /* Hike.swift */ = {isa = PBXFileReference; lastKnownFileType = sourcecode.swift; path = Hike.swift; sourceTree = "<group>"; };
		601174C52A99ABD800509C4F /* GraphCapsule.swift */ = {isa = PBXFileReference; fileEncoding = 4; lastKnownFileType = sourcecode.swift; path = GraphCapsule.swift; sourceTree = "<group>"; };
		601174C62A99ABD800509C4F /* HikeGraph.swift */ = {isa = PBXFileReference; fileEncoding = 4; lastKnownFileType = sourcecode.swift; path = HikeGraph.swift; sourceTree = "<group>"; };
		601174C72A99ABD800509C4F /* HikeDetail.swift */ = {isa = PBXFileReference; fileEncoding = 4; lastKnownFileType = sourcecode.swift; path = HikeDetail.swift; sourceTree = "<group>"; };
		601174C82A99ABD800509C4F /* HikeView.swift */ = {isa = PBXFileReference; fileEncoding = 4; lastKnownFileType = sourcecode.swift; path = HikeView.swift; sourceTree = "<group>"; };
		601174CF2A99B31C00509C4F /* CategoryHome.swift */ = {isa = PBXFileReference; lastKnownFileType = sourcecode.swift; path = CategoryHome.swift; sourceTree = "<group>"; };
		601174D12A99B5FE00509C4F /* CategoryRow.swift */ = {isa = PBXFileReference; lastKnownFileType = sourcecode.swift; path = CategoryRow.swift; sourceTree = "<group>"; };
		60B906022A9BF3E3001C09F8 /* CategoryItem.swift */ = {isa = PBXFileReference; lastKnownFileType = sourcecode.swift; path = CategoryItem.swift; sourceTree = "<group>"; };
		60B906052A9D43F7001C09F8 /* Profile.swift */ = {isa = PBXFileReference; lastKnownFileType = sourcecode.swift; path = Profile.swift; sourceTree = "<group>"; };
		60B906072A9D461B001C09F8 /* ProfileHost.swift */ = {isa = PBXFileReference; lastKnownFileType = sourcecode.swift; path = ProfileHost.swift; sourceTree = "<group>"; };
		60B9060A2A9D46CA001C09F8 /* ProfileSummary.swift */ = {isa = PBXFileReference; lastKnownFileType = sourcecode.swift; path = ProfileSummary.swift; sourceTree = "<group>"; };
		60B9060C2A9D480F001C09F8 /* HikeBadge.swift */ = {isa = PBXFileReference; lastKnownFileType = sourcecode.swift; path = HikeBadge.swift; sourceTree = "<group>"; };
		60B9060E2A9D4DBC001C09F8 /* ProfileEditor.swift */ = {isa = PBXFileReference; lastKnownFileType = sourcecode.swift; path = ProfileEditor.swift; sourceTree = "<group>"; };
		60B906112A9D5F4E001C09F8 /* PageViewController.swift */ = {isa = PBXFileReference; lastKnownFileType = sourcecode.swift; path = PageViewController.swift; sourceTree = "<group>"; };
		60B906132A9D614F001C09F8 /* FeatureCard.swift */ = {isa = PBXFileReference; lastKnownFileType = sourcecode.swift; path = FeatureCard.swift; sourceTree = "<group>"; };
		60B906152A9D62F9001C09F8 /* PageView.swift */ = {isa = PBXFileReference; lastKnownFileType = sourcecode.swift; path = PageView.swift; sourceTree = "<group>"; };
		60B906172A9D68A2001C09F8 /* PageControl.swift */ = {isa = PBXFileReference; lastKnownFileType = sourcecode.swift; path = PageControl.swift; sourceTree = "<group>"; };
		60B9061D2A9D9D1A001C09F8 /* WatchLandmarks Watch App.app */ = {isa = PBXFileReference; explicitFileType = wrapper.application; includeInIndex = 0; path = "WatchLandmarks Watch App.app"; sourceTree = BUILT_PRODUCTS_DIR; };
		60B906212A9D9D1A001C09F8 /* ContentView.swift */ = {isa = PBXFileReference; lastKnownFileType = sourcecode.swift; path = ContentView.swift; sourceTree = "<group>"; };
		60B906232A9D9D1B001C09F8 /* Assets.xcassets */ = {isa = PBXFileReference; lastKnownFileType = folder.assetcatalog; path = Assets.xcassets; sourceTree = "<group>"; };
		60B906262A9D9D1B001C09F8 /* Preview Assets.xcassets */ = {isa = PBXFileReference; lastKnownFileType = folder.assetcatalog; path = "Preview Assets.xcassets"; sourceTree = "<group>"; };
		60B9063C2A9DA39B001C09F8 /* LandmarkDetail.swift */ = {isa = PBXFileReference; lastKnownFileType = sourcecode.swift; path = LandmarkDetail.swift; sourceTree = "<group>"; };
		60B9063F2A9DAB0A001C09F8 /* NotificationView.swift */ = {isa = PBXFileReference; lastKnownFileType = sourcecode.swift; path = NotificationView.swift; sourceTree = "<group>"; };
		60B906412A9DABF2001C09F8 /* NotificationController.swift */ = {isa = PBXFileReference; lastKnownFileType = sourcecode.swift; path = NotificationController.swift; sourceTree = "<group>"; };
		60B906482A9DB70E001C09F8 /* WatchLandmarks Watch App.entitlements */ = {isa = PBXFileReference; fileEncoding = 4; lastKnownFileType = text.plist.entitlements; path = "WatchLandmarks Watch App.entitlements"; sourceTree = "<group>"; };
		60B906492A9DBA56001C09F8 /* PushNotificationPayload.apns */ = {isa = PBXFileReference; lastKnownFileType = text; path = PushNotificationPayload.apns; sourceTree = "<group>"; };
		60B906502A9DD87E001C09F8 /* MacLandmarks.app */ = {isa = PBXFileReference; explicitFileType = wrapper.application; includeInIndex = 0; path = MacLandmarks.app; sourceTree = BUILT_PRODUCTS_DIR; };
		60B906542A9DD87E001C09F8 /* ContentView.swift */ = {isa = PBXFileReference; lastKnownFileType = sourcecode.swift; path = ContentView.swift; sourceTree = "<group>"; };
		60B906562A9DD87F001C09F8 /* Assets.xcassets */ = {isa = PBXFileReference; lastKnownFileType = folder.assetcatalog; path = Assets.xcassets; sourceTree = "<group>"; };
		60B906592A9DD87F001C09F8 /* Preview Assets.xcassets */ = {isa = PBXFileReference; lastKnownFileType = folder.assetcatalog; path = "Preview Assets.xcassets"; sourceTree = "<group>"; };
		60B9065B2A9DD87F001C09F8 /* MacLandmarks.entitlements */ = {isa = PBXFileReference; lastKnownFileType = text.plist.entitlements; path = MacLandmarks.entitlements; sourceTree = "<group>"; };
		60B9066C2A9DD9F6001C09F8 /* LandmarkDetail.swift */ = {isa = PBXFileReference; lastKnownFileType = sourcecode.swift; path = LandmarkDetail.swift; sourceTree = "<group>"; };
		60B9066E2A9DE103001C09F8 /* LandmarkList.swift */ = {isa = PBXFileReference; lastKnownFileType = sourcecode.swift; path = LandmarkList.swift; sourceTree = "<group>"; };
		60B906732A9DE671001C09F8 /* LandmarkCommands.swift */ = {isa = PBXFileReference; lastKnownFileType = sourcecode.swift; path = LandmarkCommands.swift; sourceTree = "<group>"; };
		60B906762A9DEAAE001C09F8 /* LandmarkSettings.swift */ = {isa = PBXFileReference; lastKnownFileType = sourcecode.swift; path = LandmarkSettings.swift; sourceTree = "<group>"; };
		60EDD4C62A987C9B00C3AC89 /* Landmarks.app */ = {isa = PBXFileReference; explicitFileType = wrapper.application; includeInIndex = 0; path = Landmarks.app; sourceTree = BUILT_PRODUCTS_DIR; };
		60EDD4C92A987C9B00C3AC89 /* LandmarksApp.swift */ = {isa = PBXFileReference; lastKnownFileType = sourcecode.swift; path = LandmarksApp.swift; sourceTree = "<group>"; };
		60EDD4CB2A987C9B00C3AC89 /* ContentView.swift */ = {isa = PBXFileReference; lastKnownFileType = sourcecode.swift; path = ContentView.swift; sourceTree = "<group>"; };
		60EDD4CD2A987C9C00C3AC89 /* Assets.xcassets */ = {isa = PBXFileReference; lastKnownFileType = folder.assetcatalog; path = Assets.xcassets; sourceTree = "<group>"; };
		60EDD4D02A987C9C00C3AC89 /* Preview Assets.xcassets */ = {isa = PBXFileReference; lastKnownFileType = folder.assetcatalog; path = "Preview Assets.xcassets"; sourceTree = "<group>"; };
		60EDD4D72A98813700C3AC89 /* CircleImage.swift */ = {isa = PBXFileReference; lastKnownFileType = sourcecode.swift; path = CircleImage.swift; sourceTree = "<group>"; };
		60EDD4D92A9881F400C3AC89 /* MapView.swift */ = {isa = PBXFileReference; lastKnownFileType = sourcecode.swift; path = MapView.swift; sourceTree = "<group>"; };
		60EDD4DB2A98843600C3AC89 /* landmarkData.json */ = {isa = PBXFileReference; fileEncoding = 4; lastKnownFileType = text.json; path = landmarkData.json; sourceTree = "<group>"; };
		60EDD4DD2A98845700C3AC89 /* Landmark.swift */ = {isa = PBXFileReference; lastKnownFileType = sourcecode.swift; path = Landmark.swift; sourceTree = "<group>"; };
		60EDD4DF2A98880000C3AC89 /* ModelData.swift */ = {isa = PBXFileReference; lastKnownFileType = sourcecode.swift; path = ModelData.swift; sourceTree = "<group>"; };
		60EDD4E42A988AB000C3AC89 /* LandmarkRow.swift */ = {isa = PBXFileReference; lastKnownFileType = sourcecode.swift; path = LandmarkRow.swift; sourceTree = "<group>"; };
		60EDD4E62A988CC200C3AC89 /* LandmarkList.swift */ = {isa = PBXFileReference; lastKnownFileType = sourcecode.swift; path = LandmarkList.swift; sourceTree = "<group>"; };
		60EDD4E82A988ED100C3AC89 /* LandmarkDetail.swift */ = {isa = PBXFileReference; lastKnownFileType = sourcecode.swift; path = LandmarkDetail.swift; sourceTree = "<group>"; };
/* End PBXFileReference section */

/* Begin PBXFrameworksBuildPhase section */
		60B9061A2A9D9D1A001C09F8 /* Frameworks */ = {
			isa = PBXFrameworksBuildPhase;
			buildActionMask = 2147483647;
			files = (
			);
			runOnlyForDeploymentPostprocessing = 0;
		};
		60B9064D2A9DD87E001C09F8 /* Frameworks */ = {
			isa = PBXFrameworksBuildPhase;
			buildActionMask = 2147483647;
			files = (
			);
			runOnlyForDeploymentPostprocessing = 0;
		};
		60EDD4C32A987C9B00C3AC89 /* Frameworks */ = {
			isa = PBXFrameworksBuildPhase;
			buildActionMask = 2147483647;
			files = (
			);
			runOnlyForDeploymentPostprocessing = 0;
		};
/* End PBXFrameworksBuildPhase section */

/* Begin PBXGroup section */
		601174B12A99831A00509C4F /* Helper */ = {
			isa = PBXGroup;
			children = (
				60EDD4D72A98813700C3AC89 /* CircleImage.swift */,
				60EDD4D92A9881F400C3AC89 /* MapView.swift */,
				601174AF2A99814D00509C4F /* FavoriteButton.swift */,
			);
			path = Helper;
			sourceTree = "<group>";
		};
		601174B22A99832D00509C4F /* Landmarks */ = {
			isa = PBXGroup;
			children = (
				60EDD4E62A988CC200C3AC89 /* LandmarkList.swift */,
				60EDD4E42A988AB000C3AC89 /* LandmarkRow.swift */,
				60EDD4E82A988ED100C3AC89 /* LandmarkDetail.swift */,
			);
			path = Landmarks;
			sourceTree = "<group>";
		};
		601174BF2A9993A700509C4F /* Badges */ = {
			isa = PBXGroup;
			children = (
				601174BD2A99938900509C4F /* Badge.swift */,
				601174B52A998ABA00509C4F /* BadgeBackground.swift */,
				601174B92A99920F00509C4F /* BadgeSymbol.swift */,
				601174BB2A9992D000509C4F /* RotatedBadgeSymbol.swift */,
				601174B32A99861500509C4F /* HexagonParameters.swift */,
			);
			path = Badges;
			sourceTree = "<group>";
		};
		601174C42A99ABD800509C4F /* Hikes */ = {
			isa = PBXGroup;
			children = (
				601174C52A99ABD800509C4F /* GraphCapsule.swift */,
				601174C62A99ABD800509C4F /* HikeGraph.swift */,
				601174C72A99ABD800509C4F /* HikeDetail.swift */,
				601174C82A99ABD800509C4F /* HikeView.swift */,
				60B9060C2A9D480F001C09F8 /* HikeBadge.swift */,
			);
			path = Hikes;
			sourceTree = "<group>";
		};
		60B906042A9D42EF001C09F8 /* Categories */ = {
			isa = PBXGroup;
			children = (
				601174CF2A99B31C00509C4F /* CategoryHome.swift */,
				601174D12A99B5FE00509C4F /* CategoryRow.swift */,
				60B906022A9BF3E3001C09F8 /* CategoryItem.swift */,
			);
			path = Categories;
			sourceTree = "<group>";
		};
		60B906092A9D466A001C09F8 /* Profiles */ = {
			isa = PBXGroup;
			children = (
				60B906072A9D461B001C09F8 /* ProfileHost.swift */,
				60B9060A2A9D46CA001C09F8 /* ProfileSummary.swift */,
				60B9060E2A9D4DBC001C09F8 /* ProfileEditor.swift */,
			);
			path = Profiles;
			sourceTree = "<group>";
		};
		60B906102A9D5F37001C09F8 /* PageView */ = {
			isa = PBXGroup;
			children = (
				60B906132A9D614F001C09F8 /* FeatureCard.swift */,
				60B906112A9D5F4E001C09F8 /* PageViewController.swift */,
				60B906152A9D62F9001C09F8 /* PageView.swift */,
				60B906172A9D68A2001C09F8 /* PageControl.swift */,
			);
			path = PageView;
			sourceTree = "<group>";
		};
		60B9061E2A9D9D1A001C09F8 /* WatchLandmarks Watch App */ = {
			isa = PBXGroup;
			children = (
				60B906482A9DB70E001C09F8 /* WatchLandmarks Watch App.entitlements */,
				60B906212A9D9D1A001C09F8 /* ContentView.swift */,
				60B9066E2A9DE103001C09F8 /* LandmarkList.swift */,
				60B9063C2A9DA39B001C09F8 /* LandmarkDetail.swift */,
				60B9063F2A9DAB0A001C09F8 /* NotificationView.swift */,
				60B906412A9DABF2001C09F8 /* NotificationController.swift */,
				60B906492A9DBA56001C09F8 /* PushNotificationPayload.apns */,
				60B906232A9D9D1B001C09F8 /* Assets.xcassets */,
				60B906252A9D9D1B001C09F8 /* Preview Content */,
			);
			path = "WatchLandmarks Watch App";
			sourceTree = "<group>";
		};
		60B906252A9D9D1B001C09F8 /* Preview Content */ = {
			isa = PBXGroup;
			children = (
				60B906262A9D9D1B001C09F8 /* Preview Assets.xcassets */,
			);
			path = "Preview Content";
			sourceTree = "<group>";
		};
		60B906512A9DD87E001C09F8 /* MacLandmarks */ = {
			isa = PBXGroup;
			children = (
				60B906542A9DD87E001C09F8 /* ContentView.swift */,
				60B9066C2A9DD9F6001C09F8 /* LandmarkDetail.swift */,
				60B906732A9DE671001C09F8 /* LandmarkCommands.swift */,
				60B906762A9DEAAE001C09F8 /* LandmarkSettings.swift */,
				60B906562A9DD87F001C09F8 /* Assets.xcassets */,
				60B9065B2A9DD87F001C09F8 /* MacLandmarks.entitlements */,
				60B906582A9DD87F001C09F8 /* Preview Content */,
			);
			path = MacLandmarks;
			sourceTree = "<group>";
		};
		60B906582A9DD87F001C09F8 /* Preview Content */ = {
			isa = PBXGroup;
			children = (
				60B906592A9DD87F001C09F8 /* Preview Assets.xcassets */,
			);
			path = "Preview Content";
			sourceTree = "<group>";
		};
		60EDD4BD2A987C9B00C3AC89 = {
			isa = PBXGroup;
			children = (
				60EDD4C82A987C9B00C3AC89 /* Landmarks */,
				60B9061E2A9D9D1A001C09F8 /* WatchLandmarks Watch App */,
				60B906512A9DD87E001C09F8 /* MacLandmarks */,
				60EDD4C72A987C9B00C3AC89 /* Products */,
			);
			sourceTree = "<group>";
		};
		60EDD4C72A987C9B00C3AC89 /* Products */ = {
			isa = PBXGroup;
			children = (
				60EDD4C62A987C9B00C3AC89 /* Landmarks.app */,
				60B9061D2A9D9D1A001C09F8 /* WatchLandmarks Watch App.app */,
				60B906502A9DD87E001C09F8 /* MacLandmarks.app */,
			);
			name = Products;
			sourceTree = "<group>";
		};
		60EDD4C82A987C9B00C3AC89 /* Landmarks */ = {
			isa = PBXGroup;
			children = (
				60EDD4C92A987C9B00C3AC89 /* LandmarksApp.swift */,
				60EDD4E12A98897500C3AC89 /* Views */,
				60EDD4E22A98897D00C3AC89 /* Model */,
				60EDD4E32A98898500C3AC89 /* Resources */,
				60EDD4CD2A987C9C00C3AC89 /* Assets.xcassets */,
				60EDD4CF2A987C9C00C3AC89 /* Preview Content */,
			);
			path = Landmarks;
			sourceTree = "<group>";
		};
		60EDD4CF2A987C9C00C3AC89 /* Preview Content */ = {
			isa = PBXGroup;
			children = (
				60EDD4D02A987C9C00C3AC89 /* Preview Assets.xcassets */,
			);
			path = "Preview Content";
			sourceTree = "<group>";
		};
		60EDD4E12A98897500C3AC89 /* Views */ = {
			isa = PBXGroup;
			children = (
				60EDD4CB2A987C9B00C3AC89 /* ContentView.swift */,
				601174B22A99832D00509C4F /* Landmarks */,
				601174BF2A9993A700509C4F /* Badges */,
				60B906042A9D42EF001C09F8 /* Categories */,
				60B906102A9D5F37001C09F8 /* PageView */,
				601174C42A99ABD800509C4F /* Hikes */,
				601174B12A99831A00509C4F /* Helper */,
				60B906092A9D466A001C09F8 /* Profiles */,
			);
			path = Views;
			sourceTree = "<group>";
		};
		60EDD4E22A98897D00C3AC89 /* Model */ = {
			isa = PBXGroup;
			children = (
				60EDD4DF2A98880000C3AC89 /* ModelData.swift */,
				60EDD4DD2A98845700C3AC89 /* Landmark.swift */,
				601174C22A99AAB600509C4F /* Hike.swift */,
				60B906052A9D43F7001C09F8 /* Profile.swift */,
			);
			path = Model;
			sourceTree = "<group>";
		};
		60EDD4E32A98898500C3AC89 /* Resources */ = {
			isa = PBXGroup;
			children = (
				60EDD4DB2A98843600C3AC89 /* landmarkData.json */,
				601174C02A99AA3600509C4F /* hikeData.json */,
			);
			path = Resources;
			sourceTree = "<group>";
		};
/* End PBXGroup section */

/* Begin PBXNativeTarget section */
		60B9061C2A9D9D1A001C09F8 /* WatchLandmarks Watch App */ = {
			isa = PBXNativeTarget;
			buildConfigurationList = 60B9062B2A9D9D1B001C09F8 /* Build configuration list for PBXNativeTarget "WatchLandmarks Watch App" */;
			buildPhases = (
				60B906192A9D9D1A001C09F8 /* Sources */,
				60B9061A2A9D9D1A001C09F8 /* Frameworks */,
				60B9061B2A9D9D1A001C09F8 /* Resources */,
			);
			buildRules = (
			);
			dependencies = (
			);
			name = "WatchLandmarks Watch App";
			productName = "WatchLandmarks Watch App";
			productReference = 60B9061D2A9D9D1A001C09F8 /* WatchLandmarks Watch App.app */;
			productType = "com.apple.product-type.application";
		};
		60B9064F2A9DD87E001C09F8 /* MacLandmarks */ = {
			isa = PBXNativeTarget;
			buildConfigurationList = 60B9065E2A9DD87F001C09F8 /* Build configuration list for PBXNativeTarget "MacLandmarks" */;
			buildPhases = (
				60B9064C2A9DD87E001C09F8 /* Sources */,
				60B9064D2A9DD87E001C09F8 /* Frameworks */,
				60B9064E2A9DD87E001C09F8 /* Resources */,
			);
			buildRules = (
			);
			dependencies = (
			);
			name = MacLandmarks;
			productName = MacLandmarks;
			productReference = 60B906502A9DD87E001C09F8 /* MacLandmarks.app */;
			productType = "com.apple.product-type.application";
		};
		60EDD4C52A987C9B00C3AC89 /* Landmarks */ = {
			isa = PBXNativeTarget;
			buildConfigurationList = 60EDD4D42A987C9C00C3AC89 /* Build configuration list for PBXNativeTarget "Landmarks" */;
			buildPhases = (
				60EDD4C22A987C9B00C3AC89 /* Sources */,
				60EDD4C32A987C9B00C3AC89 /* Frameworks */,
				60EDD4C42A987C9B00C3AC89 /* Resources */,
				60B9062E2A9D9D1B001C09F8 /* Embed Watch Content */,
			);
			buildRules = (
			);
			dependencies = (
				60B906292A9D9D1B001C09F8 /* PBXTargetDependency */,
			);
			name = Landmarks;
			productName = Landmarks;
			productReference = 60EDD4C62A987C9B00C3AC89 /* Landmarks.app */;
			productType = "com.apple.product-type.application";
		};
/* End PBXNativeTarget section */

/* Begin PBXProject section */
		60EDD4BE2A987C9B00C3AC89 /* Project object */ = {
			isa = PBXProject;
			attributes = {
				BuildIndependentTargetsInParallel = 1;
				LastSwiftUpdateCheck = 1430;
				LastUpgradeCheck = 1430;
				TargetAttributes = {
					60B9061C2A9D9D1A001C09F8 = {
						CreatedOnToolsVersion = 14.3.1;
					};
					60B9064F2A9DD87E001C09F8 = {
						CreatedOnToolsVersion = 14.3.1;
					};
					60EDD4C52A987C9B00C3AC89 = {
						CreatedOnToolsVersion = 14.3.1;
					};
				};
			};
			buildConfigurationList = 60EDD4C12A987C9B00C3AC89 /* Build configuration list for PBXProject "Landmarks" */;
			compatibilityVersion = "Xcode 14.0";
			developmentRegion = en;
			hasScannedForEncodings = 0;
			knownRegions = (
				en,
				Base,
			);
			mainGroup = 60EDD4BD2A987C9B00C3AC89;
			productRefGroup = 60EDD4C72A987C9B00C3AC89 /* Products */;
			projectDirPath = "";
			projectRoot = "";
			targets = (
				60EDD4C52A987C9B00C3AC89 /* Landmarks */,
				60B9061C2A9D9D1A001C09F8 /* WatchLandmarks Watch App */,
				60B9064F2A9DD87E001C09F8 /* MacLandmarks */,
			);
		};
/* End PBXProject section */

/* Begin PBXResourcesBuildPhase section */
		60B9061B2A9D9D1A001C09F8 /* Resources */ = {
			isa = PBXResourcesBuildPhase;
			buildActionMask = 2147483647;
			files = (
				60B906272A9D9D1B001C09F8 /* Preview Assets.xcassets in Resources */,
				60B9063B2A9DA00F001C09F8 /* landmarkData.json in Resources */,
				60B9063A2A9DA00F001C09F8 /* hikeData.json in Resources */,
				60B906242A9D9D1B001C09F8 /* Assets.xcassets in Resources */,
				60B9063E2A9DA7A5001C09F8 /* Assets.xcassets in Resources */,
				60B9064B2A9DBA56001C09F8 /* PushNotificationPayload.apns in Resources */,
			);
			runOnlyForDeploymentPostprocessing = 0;
		};
		60B9064E2A9DD87E001C09F8 /* Resources */ = {
			isa = PBXResourcesBuildPhase;
			buildActionMask = 2147483647;
			files = (
				60B9065A2A9DD87F001C09F8 /* Preview Assets.xcassets in Resources */,
				60B906652A9DD91D001C09F8 /* hikeData.json in Resources */,
				60B906662A9DD91D001C09F8 /* Assets.xcassets in Resources */,
				60B906672A9DD91D001C09F8 /* landmarkData.json in Resources */,
				60B906572A9DD87F001C09F8 /* Assets.xcassets in Resources */,
			);
			runOnlyForDeploymentPostprocessing = 0;
		};
		60EDD4C42A987C9B00C3AC89 /* Resources */ = {
			isa = PBXResourcesBuildPhase;
			buildActionMask = 2147483647;
			files = (
				60EDD4D12A987C9C00C3AC89 /* Preview Assets.xcassets in Resources */,
				60EDD4CE2A987C9C00C3AC89 /* Assets.xcassets in Resources */,
				60EDD4DC2A98843600C3AC89 /* landmarkData.json in Resources */,
				601174C12A99AA3600509C4F /* hikeData.json in Resources */,
				60B9064A2A9DBA56001C09F8 /* PushNotificationPayload.apns in Resources */,
			);
			runOnlyForDeploymentPostprocessing = 0;
		};
/* End PBXResourcesBuildPhase section */

/* Begin PBXSourcesBuildPhase section */
		60B906192A9D9D1A001C09F8 /* Sources */ = {
			isa = PBXSourcesBuildPhase;
			buildActionMask = 2147483647;
			files = (
				60B906392A9D9FE2001C09F8 /* Hike.swift in Sources */,
				60B906362A9D9FE2001C09F8 /* Landmark.swift in Sources */,
				60B906372A9D9FE2001C09F8 /* Profile.swift in Sources */,
				60B9066F2A9DE103001C09F8 /* LandmarkList.swift in Sources */,
				60B906382A9D9FE2001C09F8 /* ModelData.swift in Sources */,
				60B906222A9D9D1A001C09F8 /* ContentView.swift in Sources */,
				60B906352A9D9FC4001C09F8 /* MapView.swift in Sources */,
				60B906312A9D9FBE001C09F8 /* LandmarkRow.swift in Sources */,
				60B906342A9D9FC4001C09F8 /* CircleImage.swift in Sources */,
				60B9062F2A9D9FA0001C09F8 /* LandmarksApp.swift in Sources */,
				60B906422A9DABF2001C09F8 /* NotificationController.swift in Sources */,
				60B9063D2A9DA39B001C09F8 /* LandmarkDetail.swift in Sources */,
				60B906402A9DAB0A001C09F8 /* NotificationView.swift in Sources */,
			);
			runOnlyForDeploymentPostprocessing = 0;
		};
		60B9064C2A9DD87E001C09F8 /* Sources */ = {
			isa = PBXSourcesBuildPhase;
			buildActionMask = 2147483647;
			files = (
				60B906552A9DD87E001C09F8 /* ContentView.swift in Sources */,
				60B9066B2A9DD9BF001C09F8 /* Landmark.swift in Sources */,
				60B906772A9DEAAE001C09F8 /* LandmarkSettings.swift in Sources */,
				60B9066A2A9DD9BF001C09F8 /* Profile.swift in Sources */,
				60B906642A9DD913001C09F8 /* LandmarksApp.swift in Sources */,
				60B906752A9DE671001C09F8 /* LandmarkCommands.swift in Sources */,
				60B9066D2A9DD9F6001C09F8 /* LandmarkDetail.swift in Sources */,
				60B906692A9DD9BF001C09F8 /* ModelData.swift in Sources */,
				60B906632A9DD90F001C09F8 /* LandmarkList.swift in Sources */,
				60B906612A9DD90A001C09F8 /* MapView.swift in Sources */,
				60B9065F2A9DD90A001C09F8 /* FavoriteButton.swift in Sources */,
				60B906622A9DD90F001C09F8 /* LandmarkRow.swift in Sources */,
				60B906682A9DD9BF001C09F8 /* Hike.swift in Sources */,
				60B906602A9DD90A001C09F8 /* CircleImage.swift in Sources */,
			);
			runOnlyForDeploymentPostprocessing = 0;
		};
		60EDD4C22A987C9B00C3AC89 /* Sources */ = {
			isa = PBXSourcesBuildPhase;
			buildActionMask = 2147483647;
			files = (
				601174D22A99B5FE00509C4F /* CategoryRow.swift in Sources */,
				60B906062A9D43F7001C09F8 /* Profile.swift in Sources */,
				60B906742A9DE671001C09F8 /* LandmarkCommands.swift in Sources */,
				60EDD4CC2A987C9B00C3AC89 /* ContentView.swift in Sources */,
				601174D02A99B31C00509C4F /* CategoryHome.swift in Sources */,
				60B906142A9D614F001C09F8 /* FeatureCard.swift in Sources */,
				601174CA2A99ABD800509C4F /* HikeGraph.swift in Sources */,
				601174BE2A99938900509C4F /* Badge.swift in Sources */,
				60EDD4DA2A9881F400C3AC89 /* MapView.swift in Sources */,
				601174C92A99ABD800509C4F /* GraphCapsule.swift in Sources */,
				60EDD4CA2A987C9B00C3AC89 /* LandmarksApp.swift in Sources */,
				60B906182A9D68A2001C09F8 /* PageControl.swift in Sources */,
				601174B02A99814D00509C4F /* FavoriteButton.swift in Sources */,
				60B906032A9BF3E3001C09F8 /* CategoryItem.swift in Sources */,
				601174CB2A99ABD800509C4F /* HikeDetail.swift in Sources */,
				60B9060B2A9D46CA001C09F8 /* ProfileSummary.swift in Sources */,
				601174B42A99861500509C4F /* HexagonParameters.swift in Sources */,
				60B906082A9D461B001C09F8 /* ProfileHost.swift in Sources */,
				601174C32A99AAB600509C4F /* Hike.swift in Sources */,
				601174BC2A9992D000509C4F /* RotatedBadgeSymbol.swift in Sources */,
				60B906162A9D62F9001C09F8 /* PageView.swift in Sources */,
				601174BA2A99920F00509C4F /* BadgeSymbol.swift in Sources */,
				60B9060F2A9D4DBC001C09F8 /* ProfileEditor.swift in Sources */,
				60EDD4E72A988CC200C3AC89 /* LandmarkList.swift in Sources */,
				601174CC2A99ABD800509C4F /* HikeView.swift in Sources */,
				60EDD4E92A988ED100C3AC89 /* LandmarkDetail.swift in Sources */,
				60B906122A9D5F4E001C09F8 /* PageViewController.swift in Sources */,
				601174B62A998ABA00509C4F /* BadgeBackground.swift in Sources */,
				60B9060D2A9D480F001C09F8 /* HikeBadge.swift in Sources */,
				60EDD4D82A98813700C3AC89 /* CircleImage.swift in Sources */,
				60EDD4DE2A98845700C3AC89 /* Landmark.swift in Sources */,
				60EDD4E52A988AB000C3AC89 /* LandmarkRow.swift in Sources */,
				60EDD4E02A98880000C3AC89 /* ModelData.swift in Sources */,
			);
			runOnlyForDeploymentPostprocessing = 0;
		};
/* End PBXSourcesBuildPhase section */

/* Begin PBXTargetDependency section */
		60B906292A9D9D1B001C09F8 /* PBXTargetDependency */ = {
			isa = PBXTargetDependency;
			target = 60B9061C2A9D9D1A001C09F8 /* WatchLandmarks Watch App */;
			targetProxy = 60B906282A9D9D1B001C09F8 /* PBXContainerItemProxy */;
		};
/* End PBXTargetDependency section */

/* Begin XCBuildConfiguration section */
		60B9062C2A9D9D1B001C09F8 /* Debug */ = {
			isa = XCBuildConfiguration;
			buildSettings = {
				ASSETCATALOG_COMPILER_APPICON_NAME = AppIcon;
				ASSETCATALOG_COMPILER_GLOBAL_ACCENT_COLOR_NAME = AccentColor;
				CODE_SIGN_ENTITLEMENTS = "WatchLandmarks Watch App/WatchLandmarks Watch App.entitlements";
				CODE_SIGN_STYLE = Automatic;
				CURRENT_PROJECT_VERSION = 1;
				DEVELOPMENT_ASSET_PATHS = "\"WatchLandmarks Watch App/Preview Content\"";
				DEVELOPMENT_TEAM = 4CDTPKY853;
				ENABLE_PREVIEWS = YES;
				GENERATE_INFOPLIST_FILE = YES;
				INFOPLIST_KEY_CFBundleDisplayName = WatchLandmarks;
				INFOPLIST_KEY_UISupportedInterfaceOrientations = "UIInterfaceOrientationPortrait UIInterfaceOrientationPortraitUpsideDown";
				INFOPLIST_KEY_WKCompanionAppBundleIdentifier = com.tsunghsun.Landmarks;
				INFOPLIST_KEY_WKRunsIndependentlyOfCompanionApp = YES;
				LD_RUNPATH_SEARCH_PATHS = (
					"$(inherited)",
					"@executable_path/Frameworks",
				);
				MARKETING_VERSION = 1.0;
				PRODUCT_BUNDLE_IDENTIFIER = com.tsunghsun.Landmarks.watchkitapp;
				PRODUCT_NAME = "$(TARGET_NAME)";
				SDKROOT = watchos;
				SKIP_INSTALL = YES;
				SWIFT_EMIT_LOC_STRINGS = YES;
				SWIFT_VERSION = 5.0;
				TARGETED_DEVICE_FAMILY = 4;
				WATCHOS_DEPLOYMENT_TARGET = 9.4;
			};
			name = Debug;
		};
		60B9062D2A9D9D1B001C09F8 /* Release */ = {
			isa = XCBuildConfiguration;
			buildSettings = {
				ASSETCATALOG_COMPILER_APPICON_NAME = AppIcon;
				ASSETCATALOG_COMPILER_GLOBAL_ACCENT_COLOR_NAME = AccentColor;
				CODE_SIGN_ENTITLEMENTS = "WatchLandmarks Watch App/WatchLandmarks Watch App.entitlements";
				CODE_SIGN_STYLE = Automatic;
				CURRENT_PROJECT_VERSION = 1;
				DEVELOPMENT_ASSET_PATHS = "\"WatchLandmarks Watch App/Preview Content\"";
				DEVELOPMENT_TEAM = 4CDTPKY853;
				ENABLE_PREVIEWS = YES;
				GENERATE_INFOPLIST_FILE = YES;
				INFOPLIST_KEY_CFBundleDisplayName = WatchLandmarks;
				INFOPLIST_KEY_UISupportedInterfaceOrientations = "UIInterfaceOrientationPortrait UIInterfaceOrientationPortraitUpsideDown";
				INFOPLIST_KEY_WKCompanionAppBundleIdentifier = com.tsunghsun.Landmarks;
				INFOPLIST_KEY_WKRunsIndependentlyOfCompanionApp = YES;
				LD_RUNPATH_SEARCH_PATHS = (
					"$(inherited)",
					"@executable_path/Frameworks",
				);
				MARKETING_VERSION = 1.0;
				PRODUCT_BUNDLE_IDENTIFIER = com.tsunghsun.Landmarks.watchkitapp;
				PRODUCT_NAME = "$(TARGET_NAME)";
				SDKROOT = watchos;
				SKIP_INSTALL = YES;
				SWIFT_EMIT_LOC_STRINGS = YES;
				SWIFT_VERSION = 5.0;
				TARGETED_DEVICE_FAMILY = 4;
				WATCHOS_DEPLOYMENT_TARGET = 9.4;
			};
			name = Release;
		};
		60B9065C2A9DD87F001C09F8 /* Debug */ = {
			isa = XCBuildConfiguration;
			buildSettings = {
				ASSETCATALOG_COMPILER_APPICON_NAME = AppIcon;
				ASSETCATALOG_COMPILER_GLOBAL_ACCENT_COLOR_NAME = AccentColor;
				CODE_SIGN_ENTITLEMENTS = MacLandmarks/MacLandmarks.entitlements;
				CODE_SIGN_STYLE = Automatic;
				COMBINE_HIDPI_IMAGES = YES;
				CURRENT_PROJECT_VERSION = 1;
				DEVELOPMENT_ASSET_PATHS = "\"MacLandmarks/Preview Content\"";
				DEVELOPMENT_TEAM = 4CDTPKY853;
				ENABLE_HARDENED_RUNTIME = YES;
				ENABLE_PREVIEWS = YES;
				GENERATE_INFOPLIST_FILE = YES;
				INFOPLIST_KEY_NSHumanReadableCopyright = "";
				LD_RUNPATH_SEARCH_PATHS = (
					"$(inherited)",
					"@executable_path/../Frameworks",
				);
				MACOSX_DEPLOYMENT_TARGET = 13.3;
				MARKETING_VERSION = 1.0;
				PRODUCT_BUNDLE_IDENTIFIER = com.tsunghsun.MacLandmarks;
				PRODUCT_NAME = "$(TARGET_NAME)";
				SDKROOT = macosx;
				SWIFT_EMIT_LOC_STRINGS = YES;
				SWIFT_VERSION = 5.0;
			};
			name = Debug;
		};
		60B9065D2A9DD87F001C09F8 /* Release */ = {
			isa = XCBuildConfiguration;
			buildSettings = {
				ASSETCATALOG_COMPILER_APPICON_NAME = AppIcon;
				ASSETCATALOG_COMPILER_GLOBAL_ACCENT_COLOR_NAME = AccentColor;
				CODE_SIGN_ENTITLEMENTS = MacLandmarks/MacLandmarks.entitlements;
				CODE_SIGN_STYLE = Automatic;
				COMBINE_HIDPI_IMAGES = YES;
				CURRENT_PROJECT_VERSION = 1;
				DEVELOPMENT_ASSET_PATHS = "\"MacLandmarks/Preview Content\"";
				DEVELOPMENT_TEAM = 4CDTPKY853;
				ENABLE_HARDENED_RUNTIME = YES;
				ENABLE_PREVIEWS = YES;
				GENERATE_INFOPLIST_FILE = YES;
				INFOPLIST_KEY_NSHumanReadableCopyright = "";
				LD_RUNPATH_SEARCH_PATHS = (
					"$(inherited)",
					"@executable_path/../Frameworks",
				);
				MACOSX_DEPLOYMENT_TARGET = 13.3;
				MARKETING_VERSION = 1.0;
				PRODUCT_BUNDLE_IDENTIFIER = com.tsunghsun.MacLandmarks;
				PRODUCT_NAME = "$(TARGET_NAME)";
				SDKROOT = macosx;
				SWIFT_EMIT_LOC_STRINGS = YES;
				SWIFT_VERSION = 5.0;
			};
			name = Release;
		};
		60EDD4D22A987C9C00C3AC89 /* Debug */ = {
			isa = XCBuildConfiguration;
			buildSettings = {
				ALWAYS_SEARCH_USER_PATHS = NO;
				CLANG_ANALYZER_NONNULL = YES;
				CLANG_ANALYZER_NUMBER_OBJECT_CONVERSION = YES_AGGRESSIVE;
				CLANG_CXX_LANGUAGE_STANDARD = "gnu++20";
				CLANG_ENABLE_MODULES = YES;
				CLANG_ENABLE_OBJC_ARC = YES;
				CLANG_ENABLE_OBJC_WEAK = YES;
				CLANG_WARN_BLOCK_CAPTURE_AUTORELEASING = YES;
				CLANG_WARN_BOOL_CONVERSION = YES;
				CLANG_WARN_COMMA = YES;
				CLANG_WARN_CONSTANT_CONVERSION = YES;
				CLANG_WARN_DEPRECATED_OBJC_IMPLEMENTATIONS = YES;
				CLANG_WARN_DIRECT_OBJC_ISA_USAGE = YES_ERROR;
				CLANG_WARN_DOCUMENTATION_COMMENTS = YES;
				CLANG_WARN_EMPTY_BODY = YES;
				CLANG_WARN_ENUM_CONVERSION = YES;
				CLANG_WARN_INFINITE_RECURSION = YES;
				CLANG_WARN_INT_CONVERSION = YES;
				CLANG_WARN_NON_LITERAL_NULL_CONVERSION = YES;
				CLANG_WARN_OBJC_IMPLICIT_RETAIN_SELF = YES;
				CLANG_WARN_OBJC_LITERAL_CONVERSION = YES;
				CLANG_WARN_OBJC_ROOT_CLASS = YES_ERROR;
				CLANG_WARN_QUOTED_INCLUDE_IN_FRAMEWORK_HEADER = YES;
				CLANG_WARN_RANGE_LOOP_ANALYSIS = YES;
				CLANG_WARN_STRICT_PROTOTYPES = YES;
				CLANG_WARN_SUSPICIOUS_MOVE = YES;
				CLANG_WARN_UNGUARDED_AVAILABILITY = YES_AGGRESSIVE;
				CLANG_WARN_UNREACHABLE_CODE = YES;
				CLANG_WARN__DUPLICATE_METHOD_MATCH = YES;
				COPY_PHASE_STRIP = NO;
				DEBUG_INFORMATION_FORMAT = dwarf;
				ENABLE_STRICT_OBJC_MSGSEND = YES;
				ENABLE_TESTABILITY = YES;
				GCC_C_LANGUAGE_STANDARD = gnu11;
				GCC_DYNAMIC_NO_PIC = NO;
				GCC_NO_COMMON_BLOCKS = YES;
				GCC_OPTIMIZATION_LEVEL = 0;
				GCC_PREPROCESSOR_DEFINITIONS = (
					"DEBUG=1",
					"$(inherited)",
				);
				GCC_WARN_64_TO_32_BIT_CONVERSION = YES;
				GCC_WARN_ABOUT_RETURN_TYPE = YES_ERROR;
				GCC_WARN_UNDECLARED_SELECTOR = YES;
				GCC_WARN_UNINITIALIZED_AUTOS = YES_AGGRESSIVE;
				GCC_WARN_UNUSED_FUNCTION = YES;
				GCC_WARN_UNUSED_VARIABLE = YES;
				IPHONEOS_DEPLOYMENT_TARGET = 16.4;
				MTL_ENABLE_DEBUG_INFO = INCLUDE_SOURCE;
				MTL_FAST_MATH = YES;
				ONLY_ACTIVE_ARCH = YES;
				SDKROOT = iphoneos;
				SWIFT_ACTIVE_COMPILATION_CONDITIONS = DEBUG;
				SWIFT_OPTIMIZATION_LEVEL = "-Onone";
			};
			name = Debug;
		};
		60EDD4D32A987C9C00C3AC89 /* Release */ = {
			isa = XCBuildConfiguration;
			buildSettings = {
				ALWAYS_SEARCH_USER_PATHS = NO;
				CLANG_ANALYZER_NONNULL = YES;
				CLANG_ANALYZER_NUMBER_OBJECT_CONVERSION = YES_AGGRESSIVE;
				CLANG_CXX_LANGUAGE_STANDARD = "gnu++20";
				CLANG_ENABLE_MODULES = YES;
				CLANG_ENABLE_OBJC_ARC = YES;
				CLANG_ENABLE_OBJC_WEAK = YES;
				CLANG_WARN_BLOCK_CAPTURE_AUTORELEASING = YES;
				CLANG_WARN_BOOL_CONVERSION = YES;
				CLANG_WARN_COMMA = YES;
				CLANG_WARN_CONSTANT_CONVERSION = YES;
				CLANG_WARN_DEPRECATED_OBJC_IMPLEMENTATIONS = YES;
				CLANG_WARN_DIRECT_OBJC_ISA_USAGE = YES_ERROR;
				CLANG_WARN_DOCUMENTATION_COMMENTS = YES;
				CLANG_WARN_EMPTY_BODY = YES;
				CLANG_WARN_ENUM_CONVERSION = YES;
				CLANG_WARN_INFINITE_RECURSION = YES;
				CLANG_WARN_INT_CONVERSION = YES;
				CLANG_WARN_NON_LITERAL_NULL_CONVERSION = YES;
				CLANG_WARN_OBJC_IMPLICIT_RETAIN_SELF = YES;
				CLANG_WARN_OBJC_LITERAL_CONVERSION = YES;
				CLANG_WARN_OBJC_ROOT_CLASS = YES_ERROR;
				CLANG_WARN_QUOTED_INCLUDE_IN_FRAMEWORK_HEADER = YES;
				CLANG_WARN_RANGE_LOOP_ANALYSIS = YES;
				CLANG_WARN_STRICT_PROTOTYPES = YES;
				CLANG_WARN_SUSPICIOUS_MOVE = YES;
				CLANG_WARN_UNGUARDED_AVAILABILITY = YES_AGGRESSIVE;
				CLANG_WARN_UNREACHABLE_CODE = YES;
				CLANG_WARN__DUPLICATE_METHOD_MATCH = YES;
				COPY_PHASE_STRIP = NO;
				DEBUG_INFORMATION_FORMAT = "dwarf-with-dsym";
				ENABLE_NS_ASSERTIONS = NO;
				ENABLE_STRICT_OBJC_MSGSEND = YES;
				GCC_C_LANGUAGE_STANDARD = gnu11;
				GCC_NO_COMMON_BLOCKS = YES;
				GCC_WARN_64_TO_32_BIT_CONVERSION = YES;
				GCC_WARN_ABOUT_RETURN_TYPE = YES_ERROR;
				GCC_WARN_UNDECLARED_SELECTOR = YES;
				GCC_WARN_UNINITIALIZED_AUTOS = YES_AGGRESSIVE;
				GCC_WARN_UNUSED_FUNCTION = YES;
				GCC_WARN_UNUSED_VARIABLE = YES;
				IPHONEOS_DEPLOYMENT_TARGET = 16.4;
				MTL_ENABLE_DEBUG_INFO = NO;
				MTL_FAST_MATH = YES;
				SDKROOT = iphoneos;
				SWIFT_COMPILATION_MODE = wholemodule;
				SWIFT_OPTIMIZATION_LEVEL = "-O";
				VALIDATE_PRODUCT = YES;
			};
			name = Release;
		};
		60EDD4D52A987C9C00C3AC89 /* Debug */ = {
			isa = XCBuildConfiguration;
			buildSettings = {
				ALWAYS_EMBED_SWIFT_STANDARD_LIBRARIES = YES;
				ASSETCATALOG_COMPILER_APPICON_NAME = AppIcon;
				ASSETCATALOG_COMPILER_GLOBAL_ACCENT_COLOR_NAME = AccentColor;
				CODE_SIGN_STYLE = Automatic;
				CURRENT_PROJECT_VERSION = 1;
				DEVELOPMENT_ASSET_PATHS = "\"Landmarks/Preview Content\"";
				DEVELOPMENT_TEAM = 4CDTPKY853;
				ENABLE_PREVIEWS = YES;
				GENERATE_INFOPLIST_FILE = YES;
				INFOPLIST_KEY_UIApplicationSceneManifest_Generation = YES;
				INFOPLIST_KEY_UIApplicationSupportsIndirectInputEvents = YES;
				INFOPLIST_KEY_UILaunchScreen_Generation = YES;
				INFOPLIST_KEY_UISupportedInterfaceOrientations_iPad = "UIInterfaceOrientationPortrait UIInterfaceOrientationPortraitUpsideDown UIInterfaceOrientationLandscapeLeft UIInterfaceOrientationLandscapeRight";
				INFOPLIST_KEY_UISupportedInterfaceOrientations_iPhone = "UIInterfaceOrientationPortrait UIInterfaceOrientationLandscapeLeft UIInterfaceOrientationLandscapeRight";
				LD_RUNPATH_SEARCH_PATHS = (
					"$(inherited)",
					"@executable_path/Frameworks",
				);
				MARKETING_VERSION = 1.0;
				PRODUCT_BUNDLE_IDENTIFIER = com.tsunghsun.Landmarks;
				PRODUCT_NAME = "$(TARGET_NAME)";
				SWIFT_EMIT_LOC_STRINGS = YES;
				SWIFT_VERSION = 5.0;
				TARGETED_DEVICE_FAMILY = "1,2";
			};
			name = Debug;
		};
		60EDD4D62A987C9C00C3AC89 /* Release */ = {
			isa = XCBuildConfiguration;
			buildSettings = {
				ALWAYS_EMBED_SWIFT_STANDARD_LIBRARIES = YES;
				ASSETCATALOG_COMPILER_APPICON_NAME = AppIcon;
				ASSETCATALOG_COMPILER_GLOBAL_ACCENT_COLOR_NAME = AccentColor;
				CODE_SIGN_STYLE = Automatic;
				CURRENT_PROJECT_VERSION = 1;
				DEVELOPMENT_ASSET_PATHS = "\"Landmarks/Preview Content\"";
				DEVELOPMENT_TEAM = 4CDTPKY853;
				ENABLE_PREVIEWS = YES;
				GENERATE_INFOPLIST_FILE = YES;
				INFOPLIST_KEY_UIApplicationSceneManifest_Generation = YES;
				INFOPLIST_KEY_UIApplicationSupportsIndirectInputEvents = YES;
				INFOPLIST_KEY_UILaunchScreen_Generation = YES;
				INFOPLIST_KEY_UISupportedInterfaceOrientations_iPad = "UIInterfaceOrientationPortrait UIInterfaceOrientationPortraitUpsideDown UIInterfaceOrientationLandscapeLeft UIInterfaceOrientationLandscapeRight";
				INFOPLIST_KEY_UISupportedInterfaceOrientations_iPhone = "UIInterfaceOrientationPortrait UIInterfaceOrientationLandscapeLeft UIInterfaceOrientationLandscapeRight";
				LD_RUNPATH_SEARCH_PATHS = (
					"$(inherited)",
					"@executable_path/Frameworks",
				);
				MARKETING_VERSION = 1.0;
				PRODUCT_BUNDLE_IDENTIFIER = com.tsunghsun.Landmarks;
				PRODUCT_NAME = "$(TARGET_NAME)";
				SWIFT_EMIT_LOC_STRINGS = YES;
				SWIFT_VERSION = 5.0;
				TARGETED_DEVICE_FAMILY = "1,2";
			};
			name = Release;
		};
/* End XCBuildConfiguration section */

/* Begin XCConfigurationList section */
		60B9062B2A9D9D1B001C09F8 /* Build configuration list for PBXNativeTarget "WatchLandmarks Watch App" */ = {
			isa = XCConfigurationList;
			buildConfigurations = (
				60B9062C2A9D9D1B001C09F8 /* Debug */,
				60B9062D2A9D9D1B001C09F8 /* Release */,
			);
			defaultConfigurationIsVisible = 0;
			defaultConfigurationName = Release;
		};
		60B9065E2A9DD87F001C09F8 /* Build configuration list for PBXNativeTarget "MacLandmarks" */ = {
			isa = XCConfigurationList;
			buildConfigurations = (
				60B9065C2A9DD87F001C09F8 /* Debug */,
				60B9065D2A9DD87F001C09F8 /* Release */,
			);
			defaultConfigurationIsVisible = 0;
			defaultConfigurationName = Release;
		};
		60EDD4C12A987C9B00C3AC89 /* Build configuration list for PBXProject "Landmarks" */ = {
			isa = XCConfigurationList;
			buildConfigurations = (
				60EDD4D22A987C9C00C3AC89 /* Debug */,
				60EDD4D32A987C9C00C3AC89 /* Release */,
			);
			defaultConfigurationIsVisible = 0;
			defaultConfigurationName = Release;
		};
		60EDD4D42A987C9C00C3AC89 /* Build configuration list for PBXNativeTarget "Landmarks" */ = {
			isa = XCConfigurationList;
			buildConfigurations = (
				60EDD4D52A987C9C00C3AC89 /* Debug */,
				60EDD4D62A987C9C00C3AC89 /* Release */,
			);
			defaultConfigurationIsVisible = 0;
			defaultConfigurationName = Release;
		};
/* End XCConfigurationList section */
	};
	rootObject = 60EDD4BE2A987C9B00C3AC89 /* Project object */;
}
